
Microsoft Visual Studio Solution File, Format Version 12.00
# Visual Studio Version 16
VisualStudioVersion = 16.0.30413.136
MinimumVisualStudioVersion = 10.0.40219.1
Project("{FAE04EC0-301F-11D3-BF4B-00C04F79EFBC}") = "Eszter_2020.09.08", "Eszter_2020.09.08\Eszter_2020.09.08.csproj", "{AB176F82-023D-4FC6-BD32-B7B915830DDE}"
EndProject
Global
	GlobalSection(SolutionConfigurationPlatforms) = preSolution
		Debug|Any CPU = Debug|Any CPU
		Release|Any CPU = Release|Any CPU
	EndGlobalSection
	GlobalSection(ProjectConfigurationPlatforms) = postSolution
		{AB176F82-023D-4FC6-BD32-B7B915830DDE}.Debug|Any CPU.ActiveCfg = Debug|Any CPU
		{AB176F82-023D-4FC6-BD32-B7B915830DDE}.Debug|Any CPU.Build.0 = Debug|Any CPU
		{AB176F82-023D-4FC6-BD32-B7B915830DDE}.Release|Any CPU.ActiveCfg = Release|Any CPU
		{AB176F82-023D-4FC6-BD32-B7B915830DDE}.Release|Any CPU.Build.0 = Release|Any CPU
	EndGlobalSection
	GlobalSection(SolutionProperties) = preSolution
		HideSolutionNode = FALSE
	EndGlobalSection
	GlobalSection(ExtensibilityGlobals) = postSolution
		SolutionGuid = {BC83635D-2CF8-4F04-A8F7-47C892BB1950}
	EndGlobalSection
EndGlobal
